// !$*UTF8*$!
{
	archiveVersion = 1;
	classes = {
	};
	objectVersion = 55;
	objects = {

/* Begin PBXBuildFile section */
		FAB9A4B428D44ABC003B8C42 /* AppDelegate.swift in Sources */ = {isa = PBXBuildFile; fileRef = FAB9A4B328D44ABC003B8C42 /* AppDelegate.swift */; };
		FAB9A4B628D44ABC003B8C42 /* SceneDelegate.swift in Sources */ = {isa = PBXBuildFile; fileRef = FAB9A4B528D44ABC003B8C42 /* SceneDelegate.swift */; };
		FAB9A4B828D44ABC003B8C42 /* ViewController.swift in Sources */ = {isa = PBXBuildFile; fileRef = FAB9A4B728D44ABC003B8C42 /* ViewController.swift */; };
		FAB9A4BB28D44ABC003B8C42 /* Main.storyboard in Resources */ = {isa = PBXBuildFile; fileRef = FAB9A4B928D44ABC003B8C42 /* Main.storyboard */; };
		FAB9A4BD28D44ABF003B8C42 /* Assets.xcassets in Resources */ = {isa = PBXBuildFile; fileRef = FAB9A4BC28D44ABF003B8C42 /* Assets.xcassets */; };
		FAB9A4C028D44ABF003B8C42 /* LaunchScreen.storyboard in Resources */ = {isa = PBXBuildFile; fileRef = FAB9A4BE28D44ABF003B8C42 /* LaunchScreen.storyboard */; };
		FAB9A4CD28D44AFD003B8C42 /* Reachability.swift in Sources */ = {isa = PBXBuildFile; fileRef = FAB9A4C728D44AFD003B8C42 /* Reachability.swift */; };
		FAB9A4CE28D44AFD003B8C42 /* Validations.swift in Sources */ = {isa = PBXBuildFile; fileRef = FAB9A4C828D44AFD003B8C42 /* Validations.swift */; };
		FAB9A4CF28D44AFD003B8C42 /* Extension.swift in Sources */ = {isa = PBXBuildFile; fileRef = FAB9A4C928D44AFD003B8C42 /* Extension.swift */; };
		FAB9A4D028D44AFD003B8C42 /* Utility.swift in Sources */ = {isa = PBXBuildFile; fileRef = FAB9A4CA28D44AFD003B8C42 /* Utility.swift */; };
		FAB9A4D128D44AFD003B8C42 /* Cancellable.swift in Sources */ = {isa = PBXBuildFile; fileRef = FAB9A4CB28D44AFD003B8C42 /* Cancellable.swift */; };
		FAB9A4D228D44AFD003B8C42 /* NetworkManager.swift in Sources */ = {isa = PBXBuildFile; fileRef = FAB9A4CC28D44AFD003B8C42 /* NetworkManager.swift */; };
/* End PBXBuildFile section */

/* Begin PBXFileReference section */
		FAB9A4B028D44ABC003B8C42 /* podDemo1.app */ = {isa = PBXFileReference; explicitFileType = wrapper.application; includeInIndex = 0; path = podDemo1.app; sourceTree = BUILT_PRODUCTS_DIR; };
		FAB9A4B328D44ABC003B8C42 /* AppDelegate.swift */ = {isa = PBXFileReference; lastKnownFileType = sourcecode.swift; path = AppDelegate.swift; sourceTree = "<group>"; };
		FAB9A4B528D44ABC003B8C42 /* SceneDelegate.swift */ = {isa = PBXFileReference; lastKnownFileType = sourcecode.swift; path = SceneDelegate.swift; sourceTree = "<group>"; };
		FAB9A4B728D44ABC003B8C42 /* ViewController.swift */ = {isa = PBXFileReference; lastKnownFileType = sourcecode.swift; path = ViewController.swift; sourceTree = "<group>"; };
		FAB9A4BA28D44ABC003B8C42 /* Base */ = {isa = PBXFileReference; lastKnownFileType = file.storyboard; name = Base; path = Base.lproj/Main.storyboard; sourceTree = "<group>"; };
		FAB9A4BC28D44ABF003B8C42 /* Assets.xcassets */ = {isa = PBXFileReference; lastKnownFileType = folder.assetcatalog; path = Assets.xcassets; sourceTree = "<group>"; };
		FAB9A4BF28D44ABF003B8C42 /* Base */ = {isa = PBXFileReference; lastKnownFileType = file.storyboard; name = Base; path = Base.lproj/LaunchScreen.storyboard; sourceTree = "<group>"; };
		FAB9A4C128D44ABF003B8C42 /* Info.plist */ = {isa = PBXFileReference; lastKnownFileType = text.plist.xml; path = Info.plist; sourceTree = "<group>"; };
		FAB9A4C728D44AFD003B8C42 /* Reachability.swift */ = {isa = PBXFileReference; fileEncoding = 4; lastKnownFileType = sourcecode.swift; path = Reachability.swift; sourceTree = "<group>"; };
		FAB9A4C828D44AFD003B8C42 /* Validations.swift */ = {isa = PBXFileReference; fileEncoding = 4; lastKnownFileType = sourcecode.swift; path = Validations.swift; sourceTree = "<group>"; };
		FAB9A4C928D44AFD003B8C42 /* Extension.swift */ = {isa = PBXFileReference; fileEncoding = 4; lastKnownFileType = sourcecode.swift; path = Extension.swift; sourceTree = "<group>"; };
		FAB9A4CA28D44AFD003B8C42 /* Utility.swift */ = {isa = PBXFileReference; fileEncoding = 4; lastKnownFileType = sourcecode.swift; path = Utility.swift; sourceTree = "<group>"; };
		FAB9A4CB28D44AFD003B8C42 /* Cancellable.swift */ = {isa = PBXFileReference; fileEncoding = 4; lastKnownFileType = sourcecode.swift; path = Cancellable.swift; sourceTree = "<group>"; };
		FAB9A4CC28D44AFD003B8C42 /* NetworkManager.swift */ = {isa = PBXFileReference; fileEncoding = 4; lastKnownFileType = sourcecode.swift; path = NetworkManager.swift; sourceTree = "<group>"; };
/* End PBXFileReference section */

/* Begin PBXFrameworksBuildPhase section */
		FAB9A4AD28D44ABC003B8C42 /* Frameworks */ = {
			isa = PBXFrameworksBuildPhase;
			buildActionMask = 2147483647;
			files = (
			);
			runOnlyForDeploymentPostprocessing = 0;
		};
/* End PBXFrameworksBuildPhase section */

/* Begin PBXGroup section */
		FAB9A4A728D44ABC003B8C42 = {
			isa = PBXGroup;
			children = (
				FAB9A4B228D44ABC003B8C42 /* podDemo1 */,
				FAB9A4B128D44ABC003B8C42 /* Products */,
			);
			sourceTree = "<group>";
		};
		FAB9A4B128D44ABC003B8C42 /* Products */ = {
			isa = PBXGroup;
			children = (
				FAB9A4B028D44ABC003B8C42 /* podDemo1.app */,
			);
			name = Products;
			sourceTree = "<group>";
		};
		FAB9A4B228D44ABC003B8C42 /* podDemo1 */ = {
			isa = PBXGroup;
			children = (
				FAB9A4B328D44ABC003B8C42 /* AppDelegate.swift */,
				FAB9A4B528D44ABC003B8C42 /* SceneDelegate.swift */,
				FAB9A4B728D44ABC003B8C42 /* ViewController.swift */,
				FAB9A4CB28D44AFD003B8C42 /* Cancellable.swift */,
				FAB9A4C928D44AFD003B8C42 /* Extension.swift */,
				FAB9A4CC28D44AFD003B8C42 /* NetworkManager.swift */,
				FAB9A4C728D44AFD003B8C42 /* Reachability.swift */,
				FAB9A4CA28D44AFD003B8C42 /* Utility.swift */,
				FAB9A4C828D44AFD003B8C42 /* Validations.swift */,
				FAB9A4B928D44ABC003B8C42 /* Main.storyboard */,
				FAB9A4BC28D44ABF003B8C42 /* Assets.xcassets */,
				FAB9A4BE28D44ABF003B8C42 /* LaunchScreen.storyboard */,
				FAB9A4C128D44ABF003B8C42 /* Info.plist */,
			);
			path = podDemo1;
			sourceTree = "<group>";
		};
/* End PBXGroup section */

/* Begin PBXNativeTarget section */
		FAB9A4AF28D44ABC003B8C42 /* podDemo1 */ = {
			isa = PBXNativeTarget;
			buildConfigurationList = FAB9A4C428D44ABF003B8C42 /* Build configuration list for PBXNativeTarget "podDemo1" */;
			buildPhases = (
				FAB9A4AC28D44ABC003B8C42 /* Sources */,
				FAB9A4AD28D44ABC003B8C42 /* Frameworks */,
				FAB9A4AE28D44ABC003B8C42 /* Resources */,
			);
			buildRules = (
			);
			dependencies = (
			);
			name = podDemo1;
			productName = podDemo1;
			productReference = FAB9A4B028D44ABC003B8C42 /* podDemo1.app */;
			productType = "com.apple.product-type.application";
		};
/* End PBXNativeTarget section */

/* Begin PBXProject section */
		FAB9A4A828D44ABC003B8C42 /* Project object */ = {
			isa = PBXProject;
			attributes = {
				BuildIndependentTargetsInParallel = 1;
				LastSwiftUpdateCheck = 1330;
				LastUpgradeCheck = 1330;
				TargetAttributes = {
					FAB9A4AF28D44ABC003B8C42 = {
						CreatedOnToolsVersion = 13.3.1;
					};
				};
			};
			buildConfigurationList = FAB9A4AB28D44ABC003B8C42 /* Build configuration list for PBXProject "podDemo1" */;
			compatibilityVersion = "Xcode 13.0";
			developmentRegion = en;
			hasScannedForEncodings = 0;
			knownRegions = (
				en,
				Base,
			);
			mainGroup = FAB9A4A728D44ABC003B8C42;
			productRefGroup = FAB9A4B128D44ABC003B8C42 /* Products */;
			projectDirPath = "";
			projectRoot = "";
			targets = (
				FAB9A4AF28D44ABC003B8C42 /* podDemo1 */,
			);
		};
/* End PBXProject section */

/* Begin PBXResourcesBuildPhase section */
		FAB9A4AE28D44ABC003B8C42 /* Resources */ = {
			isa = PBXResourcesBuildPhase;
			buildActionMask = 2147483647;
			files = (
				FAB9A4C028D44ABF003B8C42 /* LaunchScreen.storyboard in Resources */,
				FAB9A4BD28D44ABF003B8C42 /* Assets.xcassets in Resources */,
				FAB9A4BB28D44ABC003B8C42 /* Main.storyboard in Resources */,
			);
			runOnlyForDeploymentPostprocessing = 0;
		};
/* End PBXResourcesBuildPhase section */

/* Begin PBXSourcesBuildPhase section */
		FAB9A4AC28D44ABC003B8C42 /* Sources */ = {
			isa = PBXSourcesBuildPhase;
			buildActionMask = 2147483647;
			files = (
				FAB9A4D228D44AFD003B8C42 /* NetworkManager.swift in Sources */,
				FAB9A4D028D44AFD003B8C42 /* Utility.swift in Sources */,
				FAB9A4B828D44ABC003B8C42 /* ViewController.swift in Sources */,
				FAB9A4D128D44AFD003B8C42 /* Cancellable.swift in Sources */,
				FAB9A4B428D44ABC003B8C42 /* AppDelegate.swift in Sources */,
				FAB9A4CD28D44AFD003B8C42 /* Reachability.swift in Sources */,
				FAB9A4CF28D44AFD003B8C42 /* Extension.swift in Sources */,
				FAB9A4B628D44ABC003B8C42 /* SceneDelegate.swift in Sources */,
				FAB9A4CE28D44AFD003B8C42 /* Validations.swift in Sources */,
			);
			runOnlyForDeploymentPostprocessing = 0;
		};
/* End PBXSourcesBuildPhase section */

/* Begin PBXVariantGroup section */
		FAB9A4B928D44ABC003B8C42 /* Main.storyboard */ = {
			isa = PBXVariantGroup;
			children = (
				FAB9A4BA28D44ABC003B8C42 /* Base */,
			);
			name = Main.storyboard;
			sourceTree = "<group>";
		};
		FAB9A4BE28D44ABF003B8C42 /* LaunchScreen.storyboard */ = {
			isa = PBXVariantGroup;
			children = (
				FAB9A4BF28D44ABF003B8C42 /* Base */,
			);
			name = LaunchScreen.storyboard;
			sourceTree = "<group>";
		};
/* End PBXVariantGroup section */

/* Begin XCBuildConfiguration section */
		FAB9A4C228D44ABF003B8C42 /* Debug */ = {
			isa = XCBuildConfiguration;
			buildSettings = {
				ALWAYS_SEARCH_USER_PATHS = NO;
				CLANG_ANALYZER_NONNULL = YES;
				CLANG_ANALYZER_NUMBER_OBJECT_CONVERSION = YES_AGGRESSIVE;
				CLANG_CXX_LANGUAGE_STANDARD = "gnu++17";
				CLANG_ENABLE_MODULES = YES;
				CLANG_ENABLE_OBJC_ARC = YES;
				CLANG_ENABLE_OBJC_WEAK = YES;
				CLANG_WARN_BLOCK_CAPTURE_AUTORELEASING = YES;
				CLANG_WARN_BOOL_CONVERSION = YES;
				CLANG_WARN_COMMA = YES;
				CLANG_WARN_CONSTANT_CONVERSION = YES;
				CLANG_WARN_DEPRECATED_OBJC_IMPLEMENTATIONS = YES;
				CLANG_WARN_DIRECT_OBJC_ISA_USAGE = YES_ERROR;
				CLANG_WARN_DOCUMENTATION_COMMENTS = YES;
				CLANG_WARN_EMPTY_BODY = YES;
				CLANG_WARN_ENUM_CONVERSION = YES;
				CLANG_WARN_INFINITE_RECURSION = YES;
				CLANG_WARN_INT_CONVERSION = YES;
				CLANG_WARN_NON_LITERAL_NULL_CONVERSION = YES;
				CLANG_WARN_OBJC_IMPLICIT_RETAIN_SELF = YES;
				CLANG_WARN_OBJC_LITERAL_CONVERSION = YES;
				CLANG_WARN_OBJC_ROOT_CLASS = YES_ERROR;
				CLANG_WARN_QUOTED_INCLUDE_IN_FRAMEWORK_HEADER = YES;
				CLANG_WARN_RANGE_LOOP_ANALYSIS = YES;
				CLANG_WARN_STRICT_PROTOTYPES = YES;
				CLANG_WARN_SUSPICIOUS_MOVE = YES;
				CLANG_WARN_UNGUARDED_AVAILABILITY = YES_AGGRESSIVE;
				CLANG_WARN_UNREACHABLE_CODE = YES;
				CLANG_WARN__DUPLICATE_METHOD_MATCH = YES;
				COPY_PHASE_STRIP = NO;
				DEBUG_INFORMATION_FORMAT = dwarf;
				ENABLE_STRICT_OBJC_MSGSEND = YES;
				ENABLE_TESTABILITY = YES;
				GCC_C_LANGUAGE_STANDARD = gnu11;
				GCC_DYNAMIC_NO_PIC = NO;
				GCC_NO_COMMON_BLOCKS = YES;
				GCC_OPTIMIZATION_LEVEL = 0;
				GCC_PREPROCESSOR_DEFINITIONS = (
					"DEBUG=1",
					"$(inherited)",
				);
				GCC_WARN_64_TO_32_BIT_CONVERSION = YES;
				GCC_WARN_ABOUT_RETURN_TYPE = YES_ERROR;
				GCC_WARN_UNDECLARED_SELECTOR = YES;
				GCC_WARN_UNINITIALIZED_AUTOS = YES_AGGRESSIVE;
				GCC_WARN_UNUSED_FUNCTION = YES;
				GCC_WARN_UNUSED_VARIABLE = YES;
				IPHONEOS_DEPLOYMENT_TARGET = 15.4;
				MTL_ENABLE_DEBUG_INFO = INCLUDE_SOURCE;
				MTL_FAST_MATH = YES;
				ONLY_ACTIVE_ARCH = YES;
				SDKROOT = iphoneos;
				SWIFT_ACTIVE_COMPILATION_CONDITIONS = DEBUG;
				SWIFT_OPTIMIZATION_LEVEL = "-Onone";
			};
			name = Debug;
		};
		FAB9A4C328D44ABF003B8C42 /* Release */ = {
			isa = XCBuildConfiguration;
			buildSettings = {
				ALWAYS_SEARCH_USER_PATHS = NO;
				CLANG_ANALYZER_NONNULL = YES;
				CLANG_ANALYZER_NUMBER_OBJECT_CONVERSION = YES_AGGRESSIVE;
				CLANG_CXX_LANGUAGE_STANDARD = "gnu++17";
				CLANG_ENABLE_MODULES = YES;
				CLANG_ENABLE_OBJC_ARC = YES;
				CLANG_ENABLE_OBJC_WEAK = YES;
				CLANG_WARN_BLOCK_CAPTURE_AUTORELEASING = YES;
				CLANG_WARN_BOOL_CONVERSION = YES;
				CLANG_WARN_COMMA = YES;
				CLANG_WARN_CONSTANT_CONVERSION = YES;
				CLANG_WARN_DEPRECATED_OBJC_IMPLEMENTATIONS = YES;
				CLANG_WARN_DIRECT_OBJC_ISA_USAGE = YES_ERROR;
				CLANG_WARN_DOCUMENTATION_COMMENTS = YES;
				CLANG_WARN_EMPTY_BODY = YES;
				CLANG_WARN_ENUM_CONVERSION = YES;
				CLANG_WARN_INFINITE_RECURSION = YES;
				CLANG_WARN_INT_CONVERSION = YES;
				CLANG_WARN_NON_LITERAL_NULL_CONVERSION = YES;
				CLANG_WARN_OBJC_IMPLICIT_RETAIN_SELF = YES;
				CLANG_WARN_OBJC_LITERAL_CONVERSION = YES;
				CLANG_WARN_OBJC_ROOT_CLASS = YES_ERROR;
				CLANG_WARN_QUOTED_INCLUDE_IN_FRAMEWORK_HEADER = YES;
				CLANG_WARN_RANGE_LOOP_ANALYSIS = YES;
				CLANG_WARN_STRICT_PROTOTYPES = YES;
				CLANG_WARN_SUSPICIOUS_MOVE = YES;
				CLANG_WARN_UNGUARDED_AVAILABILITY = YES_AGGRESSIVE;
				CLANG_WARN_UNREACHABLE_CODE = YES;
				CLANG_WARN__DUPLICATE_METHOD_MATCH = YES;
				COPY_PHASE_STRIP = NO;
				DEBUG_INFORMATION_FORMAT = "dwarf-with-dsym";
				ENABLE_NS_ASSERTIONS = NO;
				ENABLE_STRICT_OBJC_MSGSEND = YES;
				GCC_C_LANGUAGE_STANDARD = gnu11;
				GCC_NO_COMMON_BLOCKS = YES;
				GCC_WARN_64_TO_32_BIT_CONVERSION = YES;
				GCC_WARN_ABOUT_RETURN_TYPE = YES_ERROR;
				GCC_WARN_UNDECLARED_SELECTOR = YES;
				GCC_WARN_UNINITIALIZED_AUTOS = YES_AGGRESSIVE;
				GCC_WARN_UNUSED_FUNCTION = YES;
				GCC_WARN_UNUSED_VARIABLE = YES;
				IPHONEOS_DEPLOYMENT_TARGET = 15.4;
				MTL_ENABLE_DEBUG_INFO = NO;
				MTL_FAST_MATH = YES;
				SDKROOT = iphoneos;
				SWIFT_COMPILATION_MODE = wholemodule;
				SWIFT_OPTIMIZATION_LEVEL = "-O";
				VALIDATE_PRODUCT = YES;
			};
			name = Release;
		};
		FAB9A4C528D44ABF003B8C42 /* Debug */ = {
			isa = XCBuildConfiguration;
			buildSettings = {
				ASSETCATALOG_COMPILER_APPICON_NAME = AppIcon;
				ASSETCATALOG_COMPILER_GLOBAL_ACCENT_COLOR_NAME = AccentColor;
				CODE_SIGN_STYLE = Automatic;
				CURRENT_PROJECT_VERSION = 1;
				DEVELOPMENT_TEAM = 27B9XTLYR7;
				GENERATE_INFOPLIST_FILE = YES;
				INFOPLIST_FILE = podDemo1/Info.plist;
				INFOPLIST_KEY_UIApplicationSupportsIndirectInputEvents = YES;
				INFOPLIST_KEY_UILaunchStoryboardName = LaunchScreen;
				INFOPLIST_KEY_UIMainStoryboardFile = Main;
				INFOPLIST_KEY_UISupportedInterfaceOrientations_iPad = "UIInterfaceOrientationPortrait UIInterfaceOrientationPortraitUpsideDown UIInterfaceOrientationLandscapeLeft UIInterfaceOrientationLandscapeRight";
				INFOPLIST_KEY_UISupportedInterfaceOrientations_iPhone = "UIInterfaceOrientationPortrait UIInterfaceOrientationLandscapeLeft UIInterfaceOrientationLandscapeRight";
				LD_RUNPATH_SEARCH_PATHS = (
					"$(inherited)",
					"@executable_path/Frameworks",
				);
				MARKETING_VERSION = 1.0;
				PRODUCT_BUNDLE_IDENTIFIER = com.socialDemo.podDemo1;
				PRODUCT_NAME = "$(TARGET_NAME)";
				SWIFT_EMIT_LOC_STRINGS = YES;
				SWIFT_VERSION = 5.0;
				TARGETED_DEVICE_FAMILY = "1,2";
			};
			name = Debug;
		};
		FAB9A4C628D44ABF003B8C42 /* Release */ = {
			isa = XCBuildConfiguration;
			buildSettings = {
				ASSETCATALOG_COMPILER_APPICON_NAME = AppIcon;
				ASSETCATALOG_COMPILER_GLOBAL_ACCENT_COLOR_NAME = AccentColor;
				CODE_SIGN_STYLE = Automatic;
				CURRENT_PROJECT_VERSION = 1;
				DEVELOPMENT_TEAM = 27B9XTLYR7;
				GENERATE_INFOPLIST_FILE = YES;
				INFOPLIST_FILE = podDemo1/Info.plist;
				INFOPLIST_KEY_UIApplicationSupportsIndirectInputEvents = YES;
				INFOPLIST_KEY_UILaunchStoryboardName = LaunchScreen;
				INFOPLIST_KEY_UIMainStoryboardFile = Main;
				INFOPLIST_KEY_UISupportedInterfaceOrientations_iPad = "UIInterfaceOrientationPortrait UIInterfaceOrientationPortraitUpsideDown UIInterfaceOrientationLandscapeLeft UIInterfaceOrientationLandscapeRight";
				INFOPLIST_KEY_UISupportedInterfaceOrientations_iPhone = "UIInterfaceOrientationPortrait UIInterfaceOrientationLandscapeLeft UIInterfaceOrientationLandscapeRight";
				LD_RUNPATH_SEARCH_PATHS = (
					"$(inherited)",
					"@executable_path/Frameworks",
				);
				MARKETING_VERSION = 1.0;
				PRODUCT_BUNDLE_IDENTIFIER = com.socialDemo.podDemo1;
				PRODUCT_NAME = "$(TARGET_NAME)";
				SWIFT_EMIT_LOC_STRINGS = YES;
				SWIFT_VERSION = 5.0;
				TARGETED_DEVICE_FAMILY = "1,2";
			};
			name = Release;
		};
/* End XCBuildConfiguration section */

/* Begin XCConfigurationList section */
		FAB9A4AB28D44ABC003B8C42 /* Build configuration list for PBXProject "podDemo1" */ = {
			isa = XCConfigurationList;
			buildConfigurations = (
				FAB9A4C228D44ABF003B8C42 /* Debug */,
				FAB9A4C328D44ABF003B8C42 /* Release */,
			);
			defaultConfigurationIsVisible = 0;
			defaultConfigurationName = Release;
		};
		FAB9A4C428D44ABF003B8C42 /* Build configuration list for PBXNativeTarget "podDemo1" */ = {
			isa = XCConfigurationList;
			buildConfigurations = (
				FAB9A4C528D44ABF003B8C42 /* Debug */,
				FAB9A4C628D44ABF003B8C42 /* Release */,
			);
			defaultConfigurationIsVisible = 0;
			defaultConfigurationName = Release;
		};
/* End XCConfigurationList section */
	};
	rootObject = FAB9A4A828D44ABC003B8C42 /* Project object */;
}
